[[package]]
name = "altgraph"
version = "0.17.2"
description = "Python graph (network) package"
category = "dev"
optional = false
python-versions = "*"

[[package]]
name = "future"
version = "0.18.2"
description = "Clean single-source support for Python 3 and 2"
category = "dev"
optional = false
python-versions = ">=2.6, !=3.0.*, !=3.1.*, !=3.2.*"

[[package]]
name = "macholib"
version = "1.16"
description = "Mach-O header analysis and editing"
category = "dev"
optional = false
python-versions = "*"

[package.dependencies]
altgraph = ">=0.15"

[[package]]
name = "pefile"
version = "2022.5.30"
description = "Python PE parsing module"
category = "dev"
optional = false
python-versions = ">=3.6.0"

[package.dependencies]
future = "*"

[[package]]
name = "pyinstaller"
version = "5.4.1"
description = "PyInstaller bundles a Python application and all its dependencies into a single package."
category = "dev"
optional = false
python-versions = "<3.11,>=3.7"

[package.dependencies]
altgraph = "*"
macholib = {version = ">=1.8", markers = "sys_platform == \"darwin\""}
pefile = {version = ">=2022.5.30", markers = "sys_platform == \"win32\""}
pyinstaller-hooks-contrib = ">=2021.4"
pywin32-ctypes = {version = ">=0.2.0", markers = "sys_platform == \"win32\""}
setuptools = "*"

[package.extras]
encryption = ["tinyaes (>=1.0.0)"]
hook_testing = ["execnet (>=1.5.0)", "psutil", "pytest (>=2.7.3)"]

[[package]]
name = "pyinstaller-hooks-contrib"
version = "2022.10"
description = "Community maintained hooks for PyInstaller"
category = "dev"
optional = false
python-versions = ">=3.7"

[[package]]
name = "pywin32-ctypes"
version = "0.2.0"
description = ""
category = "dev"
optional = false
python-versions = "*"

[[package]]
name = "setuptools"
version = "65.3.0"
description = "Easily download, build, install, upgrade, and uninstall Python packages"
category = "dev"
optional = false
python-versions = ">=3.7"

[package.extras]
docs = ["furo", "jaraco.packaging (>=9)", "jaraco.tidelift (>=1.4)", "pygments-github-lexers (==0.0.5)", "rst.linker (>=1.9)", "sphinx", "sphinx-favicon", "sphinx-hoverxref (<2)", "sphinx-inline-tabs", "sphinx-notfound-page (==0.8.3)", "sphinx-reredirects", "sphinxcontrib-towncrier"]
testing = ["build[virtualenv]", "filelock (>=3.4.0)", "flake8 (<5)", "flake8-2020", "ini2toml[lite] (>=0.9)", "jaraco.envs (>=2.2)", "jaraco.path (>=3.2.0)", "mock", "pip (>=19.1)", "pip-run (>=8.8)", "pytest (>=6)", "pytest-black (>=0.3.7)", "pytest-checkdocs (>=2.4)", "pytest-cov", "pytest-enabler (>=1.3)", "pytest-flake8", "pytest-mypy (>=0.9.1)", "pytest-perf", "pytest-xdist", "tomli-w (>=1.0.0)", "virtualenv (>=13.0.0)", "wheel"]
testing-integration = ["build[virtualenv]", "filelock (>=3.4.0)", "jaraco.envs (>=2.2)", "jaraco.path (>=3.2.0)", "pytest", "pytest-enabler", "pytest-xdist", "tomli", "virtualenv (>=13.0.0)", "wheel"]

[metadata]
lock-version = "1.1"
python-versions = ">=3.8,<3.11"
content-hash = "dd28c62cb9dafc7265fad2c1ab15fba28542383a8f79babf33d0281e1f39f1f7"

[metadata.files]
altgraph = [
    {file = "altgraph-0.17.2-py2.py3-none-any.whl", hash = "sha256:743628f2ac6a7c26f5d9223c91ed8ecbba535f506f4b6f558885a8a56a105857"},
    {file = "altgraph-0.17.2.tar.gz", hash = "sha256:ebf2269361b47d97b3b88e696439f6e4cbc607c17c51feb1754f90fb79839158"},
]
future = [
    {file = "future-0.18.2.tar.gz", hash = "sha256:b1bead90b70cf6ec3f0710ae53a525360fa360d306a86583adc6bf83a4db537d"},
]
macholib = [
    {file = "macholib-1.16-py2.py3-none-any.whl", hash = "sha256:5a0742b587e6e57bfade1ab90651d4877185bf66fd4a176a488116de36878229"},
    {file = "macholib-1.16.tar.gz", hash = "sha256:001bf281279b986a66d7821790d734e61150d52f40c080899df8fefae056e9f7"},
]
pefile = [
    {file = "pefile-2022.5.30.tar.gz", hash = "sha256:a5488a3dd1fd021ce33f969780b88fe0f7eebb76eb20996d7318f307612a045b"},
]
pyinstaller = [
    {file = "pyinstaller-5.4.1-py3-none-macosx_10_13_universal2.whl", hash = "sha256:0ac78f1145be34adda8afb5fe4c8d659172140092c055994dab57ee2190bec71"},
    {file = "pyinstaller-5.4.1-py3-none-manylinux2014_aarch64.whl", hash = "sha256:806df33e2b93a69f45e4c8be72d3b51449e9e0f557a3e89e0b06f5cb9a111022"},
    {file = "pyinstaller-5.4.1-py3-none-manylinux2014_i686.whl", hash = "sha256:9a2b99f191e28dec6cb8eb5544fa436f2109073e634f8e602225ada0239aed46"},
    {file = "pyinstaller-5.4.1-py3-none-manylinux2014_ppc64le.whl", hash = "sha256:4b4d867fbc6c35bb30b09f681d469f824c69fe32f2358b8af75247bdefdf694a"},
    {file = "pyinstaller-5.4.1-py3-none-manylinux2014_s390x.whl", hash = "sha256:994b76d10892f1d3f9a4241109a3f7b1e9b74dea3198bf3f502d2f4ae744fa6e"},
    {file = "pyinstaller-5.4.1-py3-none-manylinux2014_x86_64.whl", hash = "sha256:b57e8f9ec23a48b740c5dbb19cd5499150e35a2997dfd0b8f96e2deced512ecc"},
    {file = "pyinstaller-5.4.1-py3-none-musllinux_1_1_aarch64.whl", hash = "sha256:bec1d94cba89f64a61606a1eaf33202f3a52ff2ac65e25555053fd5fe55b760d"},
    {file = "pyinstaller-5.4.1-py3-none-musllinux_1_1_x86_64.whl", hash = "sha256:f7f0ad1bdea828c163e2032c7ce941b2d0b68a83b3b572e6ce50c77ca7987574"},
    {file = "pyinstaller-5.4.1-py3-none-win32.whl", hash = "sha256:7da11fdee216ae0b887f9d1fe0eca7bce2b8f5d039eeac2561282feff5970d24"},
    {file = "pyinstaller-5.4.1-py3-none-win_amd64.whl", hash = "sha256:0c8626c2db6e2d426be3e44ae08039d638481de7b580769668dd777116d911b9"},
    {file = "pyinstaller-5.4.1.tar.gz", hash = "sha256:2a09e6bd6e121eb1a71fadb223797dc502e4fd4168931c31a5f87faa10eb5b4c"},
]
pyinstaller-hooks-contrib = [
    {file = "pyinstaller-hooks-contrib-2022.10.tar.gz", hash = "sha256:e5edd4094175e78c178ef987b61be19efff6caa23d266ade456fc753e847f62e"},
    {file = "pyinstaller_hooks_contrib-2022.10-py2.py3-none-any.whl", hash = "sha256:d1dd6ea059dc30e77813cc12a5efa8b1d228e7da8f5b884fe11775f946db1784"},
]
pywin32-ctypes = [
    {file = "pywin32-ctypes-0.2.0.tar.gz", hash = "sha256:24ffc3b341d457d48e8922352130cf2644024a4ff09762a2261fd34c36ee5942"},
    {file = "pywin32_ctypes-0.2.0-py2.py3-none-any.whl", hash = "sha256:9dc2d991b3479cc2df15930958b674a48a227d5361d413827a4cfd0b5876fc98"},
]
setuptools = [
    {file = "setuptools-65.3.0-py3-none-any.whl", hash = "sha256:2e24e0bec025f035a2e72cdd1961119f557d78ad331bb00ff82efb2ab8da8e82"},
    {file = "setuptools-65.3.0.tar.gz", hash = "sha256:7732871f4f7fa58fb6bdcaeadb0161b2bd046c85905dbaa066bdcbcc81953b57"},
]
